
Microsoft Visual Studio Solution File, Format Version 12.00
# Visual Studio Version 17
VisualStudioVersion = 17.11.35312.102
MinimumVisualStudioVersion = 10.0.40219.1
Project("{FAE04EC0-301F-11D3-BF4B-00C04F79EFBC}") = "ContactList", "ContactList.csproj", "{B7BFDE29-E2DE-4B08-91B5-BEEDFE375BD4}"
EndProject
Global
	GlobalSection(SolutionConfigurationPlatforms) = preSolution
		Debug|Any CPU = Debug|Any CPU
		Release|Any CPU = Release|Any CPU
	EndGlobalSection
	GlobalSection(ProjectConfigurationPlatforms) = postSolution
		{B7BFDE29-E2DE-4B08-91B5-BEEDFE375BD4}.Debug|Any CPU.ActiveCfg = Debug|Any CPU
		{B7BFDE29-E2DE-4B08-91B5-BEEDFE375BD4}.Debug|Any CPU.Build.0 = Debug|Any CPU
		{B7BFDE29-E2DE-4B08-91B5-BEEDFE375BD4}.Release|Any CPU.ActiveCfg = Release|Any CPU
		{B7BFDE29-E2DE-4B08-91B5-BEEDFE375BD4}.Release|Any CPU.Build.0 = Release|Any CPU
	EndGlobalSection
	GlobalSection(SolutionProperties) = preSolution
		HideSolutionNode = FALSE
	EndGlobalSection
	GlobalSection(ExtensibilityGlobals) = postSolution
		SolutionGuid = {CCBC1383-29CB-4364-9E2D-75919F1635DC}
	EndGlobalSection
EndGlobal
